
Microsoft Visual Studio Solution File, Format Version 12.00
# Visual Studio Version 17
VisualStudioVersion = 17.9.34622.214
MinimumVisualStudioVersion = 10.0.40219.1
Project("{FAE04EC0-301F-11D3-BF4B-00C04F79EFBC}") = "Parte001", "Parte001\Parte001.csproj", "{791DFA54-652F-468E-878E-717F2A129ABF}"
EndProject
Project("{FAE04EC0-301F-11D3-BF4B-00C04F79EFBC}") = "Parte002", "Parte002\Parte002.csproj", "{DE495C56-7E23-490F-ACA9-D823B6DB16E2}"
EndProject
Project("{FAE04EC0-301F-11D3-BF4B-00C04F79EFBC}") = "Parte003", "Parte003\Parte003.csproj", "{E11A622F-9DDD-4301-8D79-23BFED40DB8F}"
EndProject
Project("{FAE04EC0-301F-11D3-BF4B-00C04F79EFBC}") = "Parte004", "Parte004\Parte004.csproj", "{91866416-814D-4ABE-B50B-DDDA976EDE44}"
EndProject
Project("{FAE04EC0-301F-11D3-BF4B-00C04F79EFBC}") = "Parte005", "Parte005\Parte005.csproj", "{FD766F10-215E-49E7-B9F0-7441DEC26E83}"
EndProject
Project("{FAE04EC0-301F-11D3-BF4B-00C04F79EFBC}") = "Parte006", "Parte006\Parte006.csproj", "{894901A9-7CD7-4F19-BDEE-5BB93A0317CA}"
EndProject
Project("{FAE04EC0-301F-11D3-BF4B-00C04F79EFBC}") = "Parte007", "Parte007\Parte007.csproj", "{9555DAE2-8B34-42C1-8FE4-47AEF50D84DB}"
EndProject
Project("{FAE04EC0-301F-11D3-BF4B-00C04F79EFBC}") = "Parte008", "Parte008\Parte008.csproj", "{F7D538A6-5549-4CB4-B974-1875F470BEC7}"
EndProject
Project("{FAE04EC0-301F-11D3-BF4B-00C04F79EFBC}") = "Parte009", "Parte009\Parte009.csproj", "{DD767A34-FC06-4A44-8D7B-85CFE8C9AFA0}"
EndProject
Project("{FAE04EC0-301F-11D3-BF4B-00C04F79EFBC}") = "Parte011", "Parte011\Parte011.csproj", "{64A9C3AA-D7AC-4FC8-8444-B474CEA15D52}"
EndProject
Project("{FAE04EC0-301F-11D3-BF4B-00C04F79EFBC}") = "Parte010", "Parte010\Parte010.csproj", "{063096DE-B5E6-4750-A726-F573FC4CD70E}"
EndProject
Project("{FAE04EC0-301F-11D3-BF4B-00C04F79EFBC}") = "Parte012", "Parte012\Parte012.csproj", "{147BAEAC-AED9-473D-B422-53EAB59CF307}"
EndProject
Project("{FAE04EC0-301F-11D3-BF4B-00C04F79EFBC}") = "Parte013", "Parte013\Parte013.csproj", "{A07D2E54-EECD-4977-9184-A8BB99E17D56}"
EndProject
Project("{FAE04EC0-301F-11D3-BF4B-00C04F79EFBC}") = "Parte014", "Parte014\Parte014.csproj", "{6A3D27D5-4EF9-4B37-B8E9-83B19ECA897B}"
EndProject
Project("{FAE04EC0-301F-11D3-BF4B-00C04F79EFBC}") = "Parte015", "Parte015\Parte015.csproj", "{8BB0305F-6914-4527-BEF3-724029EBF098}"
EndProject
Project("{FAE04EC0-301F-11D3-BF4B-00C04F79EFBC}") = "Parte016", "Parte016\Parte016.csproj", "{2990DA21-0BFF-4D94-B9AD-251A61FF45EE}"
EndProject
Project("{FAE04EC0-301F-11D3-BF4B-00C04F79EFBC}") = "Parte017", "Parte017\Parte017.csproj", "{AA22050B-7D64-479B-AC1F-8AB5D109D422}"
EndProject
Project("{FAE04EC0-301F-11D3-BF4B-00C04F79EFBC}") = "Parte018", "Parte018\Parte018.csproj", "{644367C2-C7E2-49D6-8A7D-CEF48F107B09}"
EndProject
Project("{FAE04EC0-301F-11D3-BF4B-00C04F79EFBC}") = "Parte019", "Parte019\Parte019.csproj", "{051EA19A-58D4-4F0D-92D1-AB75FB48B467}"
EndProject
Project("{FAE04EC0-301F-11D3-BF4B-00C04F79EFBC}") = "Parte020", "Parte020\Parte020.csproj", "{C04D9864-CFFD-4B65-8B93-19AC81869560}"
EndProject
Project("{FAE04EC0-301F-11D3-BF4B-00C04F79EFBC}") = "Parte021", "Parte021\Parte021.csproj", "{7DD809F7-DE12-4257-A15A-7CD478A9A117}"
EndProject
Project("{FAE04EC0-301F-11D3-BF4B-00C04F79EFBC}") = "Parte022", "Parte022\Parte022.csproj", "{0255AD6E-FEEC-4FF3-9EF7-EE898CBE960C}"
EndProject
Project("{FAE04EC0-301F-11D3-BF4B-00C04F79EFBC}") = "Parte023", "Parte023\Parte023.csproj", "{DDF4986D-328C-4A52-978C-33FE6E2B2B78}"
EndProject
Project("{FAE04EC0-301F-11D3-BF4B-00C04F79EFBC}") = "Parte024", "Parte024\Parte024.csproj", "{8067B161-D97B-4FA2-AE6D-E29197C0421B}"
EndProject
Project("{FAE04EC0-301F-11D3-BF4B-00C04F79EFBC}") = "Parte025", "Parte025\Parte025.csproj", "{AC1BB4F8-E168-481B-80A7-F2142ACD8CB2}"
EndProject
Project("{FAE04EC0-301F-11D3-BF4B-00C04F79EFBC}") = "Parte026", "Parte026\Parte026.csproj", "{969DE3E7-51C7-425B-94B9-880A62538B8F}"
EndProject
Project("{FAE04EC0-301F-11D3-BF4B-00C04F79EFBC}") = "Parte027", "Parte027\Parte027.csproj", "{C4FDAD39-8DB4-4F47-B4E8-458D126CB28B}"
EndProject
Project("{FAE04EC0-301F-11D3-BF4B-00C04F79EFBC}") = "Parte028", "Parte028\Parte028.csproj", "{627EBB4E-4F5A-4944-99FE-969B09CBAE92}"
EndProject
Project("{FAE04EC0-301F-11D3-BF4B-00C04F79EFBC}") = "Parte029", "Parte029\Parte029.csproj", "{06C6C0E9-47D0-49AB-9337-61D5CC7D963E}"
EndProject
Project("{FAE04EC0-301F-11D3-BF4B-00C04F79EFBC}") = "Parte030", "Parte030\Parte030.csproj", "{E673EF1A-93A2-4865-B58C-41B0C88C596E}"
EndProject
Project("{FAE04EC0-301F-11D3-BF4B-00C04F79EFBC}") = "Parte031", "Parte031\Parte031.csproj", "{F952476D-33BA-438E-B1A0-D5DCA21A3207}"
EndProject
Project("{FAE04EC0-301F-11D3-BF4B-00C04F79EFBC}") = "Parte032", "Parte032\Parte032.csproj", "{C4BC9112-73C4-47C0-8157-8F7B790A6C08}"
EndProject
Project("{FAE04EC0-301F-11D3-BF4B-00C04F79EFBC}") = "Parte033", "Parte033\Parte033.csproj", "{2614248C-60E2-4A4B-8747-A4F3F451BBC7}"
EndProject
Project("{FAE04EC0-301F-11D3-BF4B-00C04F79EFBC}") = "Parte034", "Parte034\Parte034.csproj", "{866E1DF6-70A0-4858-8579-91639D0841CE}"
EndProject
Project("{FAE04EC0-301F-11D3-BF4B-00C04F79EFBC}") = "Parte035", "Parte035\Parte035.csproj", "{B93CD41B-CBD2-41CB-BFAF-6D168622CE6B}"
EndProject
Project("{FAE04EC0-301F-11D3-BF4B-00C04F79EFBC}") = "Parte036", "Parte036\Parte036.csproj", "{DAF5B94D-70F8-4041-AE61-CC60F9471B78}"
EndProject
Project("{FAE04EC0-301F-11D3-BF4B-00C04F79EFBC}") = "Parte037", "Parte037\Parte037.csproj", "{176F0E32-D2F4-478D-BF29-68968CD810B0}"
EndProject
Project("{FAE04EC0-301F-11D3-BF4B-00C04F79EFBC}") = "Parte038", "Parte038\Parte038.csproj", "{C826FE1E-8C56-40BD-B967-6C8E8C6E7CDF}"
EndProject
Project("{FAE04EC0-301F-11D3-BF4B-00C04F79EFBC}") = "Parte039", "Parte039\Parte039.csproj", "{A0A8C2A9-6B9C-4960-938B-F4C43ADE6385}"
EndProject
Project("{FAE04EC0-301F-11D3-BF4B-00C04F79EFBC}") = "Parte040", "Parte040\Parte040.csproj", "{9E2550A2-A855-4A40-ACC1-817C45BEB078}"
EndProject
Project("{FAE04EC0-301F-11D3-BF4B-00C04F79EFBC}") = "Parte041", "Parte041\Parte041.csproj", "{6C5E6969-2CC6-4C86-954B-382F5B9F5D68}"
EndProject
Project("{FAE04EC0-301F-11D3-BF4B-00C04F79EFBC}") = "Parte042", "Parte042\Parte042.csproj", "{D009022B-73F6-4B6E-9E77-406408B632BF}"
EndProject
Project("{FAE04EC0-301F-11D3-BF4B-00C04F79EFBC}") = "Parte043", "Parte043\Parte043.csproj", "{8738933B-0EA0-46A0-946A-1DCA72D9C450}"
EndProject
Global
	GlobalSection(SolutionConfigurationPlatforms) = preSolution
		Debug|Any CPU = Debug|Any CPU
		Release|Any CPU = Release|Any CPU
	EndGlobalSection
	GlobalSection(ProjectConfigurationPlatforms) = postSolution
		{791DFA54-652F-468E-878E-717F2A129ABF}.Debug|Any CPU.ActiveCfg = Debug|Any CPU
		{791DFA54-652F-468E-878E-717F2A129ABF}.Debug|Any CPU.Build.0 = Debug|Any CPU
		{791DFA54-652F-468E-878E-717F2A129ABF}.Release|Any CPU.ActiveCfg = Release|Any CPU
		{791DFA54-652F-468E-878E-717F2A129ABF}.Release|Any CPU.Build.0 = Release|Any CPU
		{DE495C56-7E23-490F-ACA9-D823B6DB16E2}.Debug|Any CPU.ActiveCfg = Debug|Any CPU
		{DE495C56-7E23-490F-ACA9-D823B6DB16E2}.Debug|Any CPU.Build.0 = Debug|Any CPU
		{DE495C56-7E23-490F-ACA9-D823B6DB16E2}.Release|Any CPU.ActiveCfg = Release|Any CPU
		{DE495C56-7E23-490F-ACA9-D823B6DB16E2}.Release|Any CPU.Build.0 = Release|Any CPU
		{E11A622F-9DDD-4301-8D79-23BFED40DB8F}.Debug|Any CPU.ActiveCfg = Debug|Any CPU
		{E11A622F-9DDD-4301-8D79-23BFED40DB8F}.Debug|Any CPU.Build.0 = Debug|Any CPU
		{E11A622F-9DDD-4301-8D79-23BFED40DB8F}.Release|Any CPU.ActiveCfg = Release|Any CPU
		{E11A622F-9DDD-4301-8D79-23BFED40DB8F}.Release|Any CPU.Build.0 = Release|Any CPU
		{91866416-814D-4ABE-B50B-DDDA976EDE44}.Debug|Any CPU.ActiveCfg = Debug|Any CPU
		{91866416-814D-4ABE-B50B-DDDA976EDE44}.Debug|Any CPU.Build.0 = Debug|Any CPU
		{91866416-814D-4ABE-B50B-DDDA976EDE44}.Release|Any CPU.ActiveCfg = Release|Any CPU
		{91866416-814D-4ABE-B50B-DDDA976EDE44}.Release|Any CPU.Build.0 = Release|Any CPU
		{FD766F10-215E-49E7-B9F0-7441DEC26E83}.Debug|Any CPU.ActiveCfg = Debug|Any CPU
		{FD766F10-215E-49E7-B9F0-7441DEC26E83}.Debug|Any CPU.Build.0 = Debug|Any CPU
		{FD766F10-215E-49E7-B9F0-7441DEC26E83}.Release|Any CPU.ActiveCfg = Release|Any CPU
		{FD766F10-215E-49E7-B9F0-7441DEC26E83}.Release|Any CPU.Build.0 = Release|Any CPU
		{894901A9-7CD7-4F19-BDEE-5BB93A0317CA}.Debug|Any CPU.ActiveCfg = Debug|Any CPU
		{894901A9-7CD7-4F19-BDEE-5BB93A0317CA}.Debug|Any CPU.Build.0 = Debug|Any CPU
		{894901A9-7CD7-4F19-BDEE-5BB93A0317CA}.Release|Any CPU.ActiveCfg = Release|Any CPU
		{894901A9-7CD7-4F19-BDEE-5BB93A0317CA}.Release|Any CPU.Build.0 = Release|Any CPU
		{9555DAE2-8B34-42C1-8FE4-47AEF50D84DB}.Debug|Any CPU.ActiveCfg = Debug|Any CPU
		{9555DAE2-8B34-42C1-8FE4-47AEF50D84DB}.Debug|Any CPU.Build.0 = Debug|Any CPU
		{9555DAE2-8B34-42C1-8FE4-47AEF50D84DB}.Release|Any CPU.ActiveCfg = Release|Any CPU
		{9555DAE2-8B34-42C1-8FE4-47AEF50D84DB}.Release|Any CPU.Build.0 = Release|Any CPU
		{F7D538A6-5549-4CB4-B974-1875F470BEC7}.Debug|Any CPU.ActiveCfg = Debug|Any CPU
		{F7D538A6-5549-4CB4-B974-1875F470BEC7}.Debug|Any CPU.Build.0 = Debug|Any CPU
		{F7D538A6-5549-4CB4-B974-1875F470BEC7}.Release|Any CPU.ActiveCfg = Release|Any CPU
		{F7D538A6-5549-4CB4-B974-1875F470BEC7}.Release|Any CPU.Build.0 = Release|Any CPU
		{DD767A34-FC06-4A44-8D7B-85CFE8C9AFA0}.Debug|Any CPU.ActiveCfg = Debug|Any CPU
		{DD767A34-FC06-4A44-8D7B-85CFE8C9AFA0}.Debug|Any CPU.Build.0 = Debug|Any CPU
		{DD767A34-FC06-4A44-8D7B-85CFE8C9AFA0}.Release|Any CPU.ActiveCfg = Release|Any CPU
		{DD767A34-FC06-4A44-8D7B-85CFE8C9AFA0}.Release|Any CPU.Build.0 = Release|Any CPU
		{64A9C3AA-D7AC-4FC8-8444-B474CEA15D52}.Debug|Any CPU.ActiveCfg = Debug|Any CPU
		{64A9C3AA-D7AC-4FC8-8444-B474CEA15D52}.Debug|Any CPU.Build.0 = Debug|Any CPU
		{64A9C3AA-D7AC-4FC8-8444-B474CEA15D52}.Release|Any CPU.ActiveCfg = Release|Any CPU
		{64A9C3AA-D7AC-4FC8-8444-B474CEA15D52}.Release|Any CPU.Build.0 = Release|Any CPU
		{063096DE-B5E6-4750-A726-F573FC4CD70E}.Debug|Any CPU.ActiveCfg = Debug|Any CPU
		{063096DE-B5E6-4750-A726-F573FC4CD70E}.Debug|Any CPU.Build.0 = Debug|Any CPU
		{063096DE-B5E6-4750-A726-F573FC4CD70E}.Release|Any CPU.ActiveCfg = Release|Any CPU
		{063096DE-B5E6-4750-A726-F573FC4CD70E}.Release|Any CPU.Build.0 = Release|Any CPU
		{147BAEAC-AED9-473D-B422-53EAB59CF307}.Debug|Any CPU.ActiveCfg = Debug|Any CPU
		{147BAEAC-AED9-473D-B422-53EAB59CF307}.Debug|Any CPU.Build.0 = Debug|Any CPU
		{147BAEAC-AED9-473D-B422-53EAB59CF307}.Release|Any CPU.ActiveCfg = Release|Any CPU
		{147BAEAC-AED9-473D-B422-53EAB59CF307}.Release|Any CPU.Build.0 = Release|Any CPU
		{A07D2E54-EECD-4977-9184-A8BB99E17D56}.Debug|Any CPU.ActiveCfg = Debug|Any CPU
		{A07D2E54-EECD-4977-9184-A8BB99E17D56}.Debug|Any CPU.Build.0 = Debug|Any CPU
		{A07D2E54-EECD-4977-9184-A8BB99E17D56}.Release|Any CPU.ActiveCfg = Release|Any CPU
		{A07D2E54-EECD-4977-9184-A8BB99E17D56}.Release|Any CPU.Build.0 = Release|Any CPU
		{6A3D27D5-4EF9-4B37-B8E9-83B19ECA897B}.Debug|Any CPU.ActiveCfg = Debug|Any CPU
		{6A3D27D5-4EF9-4B37-B8E9-83B19ECA897B}.Debug|Any CPU.Build.0 = Debug|Any CPU
		{6A3D27D5-4EF9-4B37-B8E9-83B19ECA897B}.Release|Any CPU.ActiveCfg = Release|Any CPU
		{6A3D27D5-4EF9-4B37-B8E9-83B19ECA897B}.Release|Any CPU.Build.0 = Release|Any CPU
		{8BB0305F-6914-4527-BEF3-724029EBF098}.Debug|Any CPU.ActiveCfg = Debug|Any CPU
		{8BB0305F-6914-4527-BEF3-724029EBF098}.Debug|Any CPU.Build.0 = Debug|Any CPU
		{8BB0305F-6914-4527-BEF3-724029EBF098}.Release|Any CPU.ActiveCfg = Release|Any CPU
		{8BB0305F-6914-4527-BEF3-724029EBF098}.Release|Any CPU.Build.0 = Release|Any CPU
		{2990DA21-0BFF-4D94-B9AD-251A61FF45EE}.Debug|Any CPU.ActiveCfg = Debug|Any CPU
		{2990DA21-0BFF-4D94-B9AD-251A61FF45EE}.Debug|Any CPU.Build.0 = Debug|Any CPU
		{2990DA21-0BFF-4D94-B9AD-251A61FF45EE}.Release|Any CPU.ActiveCfg = Release|Any CPU
		{2990DA21-0BFF-4D94-B9AD-251A61FF45EE}.Release|Any CPU.Build.0 = Release|Any CPU
		{AA22050B-7D64-479B-AC1F-8AB5D109D422}.Debug|Any CPU.ActiveCfg = Debug|Any CPU
		{AA22050B-7D64-479B-AC1F-8AB5D109D422}.Debug|Any CPU.Build.0 = Debug|Any CPU
		{AA22050B-7D64-479B-AC1F-8AB5D109D422}.Release|Any CPU.ActiveCfg = Release|Any CPU
		{AA22050B-7D64-479B-AC1F-8AB5D109D422}.Release|Any CPU.Build.0 = Release|Any CPU
		{644367C2-C7E2-49D6-8A7D-CEF48F107B09}.Debug|Any CPU.ActiveCfg = Debug|Any CPU
		{644367C2-C7E2-49D6-8A7D-CEF48F107B09}.Debug|Any CPU.Build.0 = Debug|Any CPU
		{644367C2-C7E2-49D6-8A7D-CEF48F107B09}.Release|Any CPU.ActiveCfg = Release|Any CPU
		{644367C2-C7E2-49D6-8A7D-CEF48F107B09}.Release|Any CPU.Build.0 = Release|Any CPU
		{051EA19A-58D4-4F0D-92D1-AB75FB48B467}.Debug|Any CPU.ActiveCfg = Debug|Any CPU
		{051EA19A-58D4-4F0D-92D1-AB75FB48B467}.Debug|Any CPU.Build.0 = Debug|Any CPU
		{051EA19A-58D4-4F0D-92D1-AB75FB48B467}.Release|Any CPU.ActiveCfg = Release|Any CPU
		{051EA19A-58D4-4F0D-92D1-AB75FB48B467}.Release|Any CPU.Build.0 = Release|Any CPU
		{C04D9864-CFFD-4B65-8B93-19AC81869560}.Debug|Any CPU.ActiveCfg = Debug|Any CPU
		{C04D9864-CFFD-4B65-8B93-19AC81869560}.Debug|Any CPU.Build.0 = Debug|Any CPU
		{C04D9864-CFFD-4B65-8B93-19AC81869560}.Release|Any CPU.ActiveCfg = Release|Any CPU
		{C04D9864-CFFD-4B65-8B93-19AC81869560}.Release|Any CPU.Build.0 = Release|Any CPU
		{7DD809F7-DE12-4257-A15A-7CD478A9A117}.Debug|Any CPU.ActiveCfg = Debug|Any CPU
		{7DD809F7-DE12-4257-A15A-7CD478A9A117}.Debug|Any CPU.Build.0 = Debug|Any CPU
		{7DD809F7-DE12-4257-A15A-7CD478A9A117}.Release|Any CPU.ActiveCfg = Release|Any CPU
		{7DD809F7-DE12-4257-A15A-7CD478A9A117}.Release|Any CPU.Build.0 = Release|Any CPU
		{0255AD6E-FEEC-4FF3-9EF7-EE898CBE960C}.Debug|Any CPU.ActiveCfg = Debug|Any CPU
		{0255AD6E-FEEC-4FF3-9EF7-EE898CBE960C}.Debug|Any CPU.Build.0 = Debug|Any CPU
		{0255AD6E-FEEC-4FF3-9EF7-EE898CBE960C}.Release|Any CPU.ActiveCfg = Release|Any CPU
		{0255AD6E-FEEC-4FF3-9EF7-EE898CBE960C}.Release|Any CPU.Build.0 = Release|Any CPU
		{DDF4986D-328C-4A52-978C-33FE6E2B2B78}.Debug|Any CPU.ActiveCfg = Debug|Any CPU
		{DDF4986D-328C-4A52-978C-33FE6E2B2B78}.Debug|Any CPU.Build.0 = Debug|Any CPU
		{DDF4986D-328C-4A52-978C-33FE6E2B2B78}.Release|Any CPU.ActiveCfg = Release|Any CPU
		{DDF4986D-328C-4A52-978C-33FE6E2B2B78}.Release|Any CPU.Build.0 = Release|Any CPU
		{8067B161-D97B-4FA2-AE6D-E29197C0421B}.Debug|Any CPU.ActiveCfg = Debug|Any CPU
		{8067B161-D97B-4FA2-AE6D-E29197C0421B}.Debug|Any CPU.Build.0 = Debug|Any CPU
		{8067B161-D97B-4FA2-AE6D-E29197C0421B}.Release|Any CPU.ActiveCfg = Release|Any CPU
		{8067B161-D97B-4FA2-AE6D-E29197C0421B}.Release|Any CPU.Build.0 = Release|Any CPU
		{AC1BB4F8-E168-481B-80A7-F2142ACD8CB2}.Debug|Any CPU.ActiveCfg = Debug|Any CPU
		{AC1BB4F8-E168-481B-80A7-F2142ACD8CB2}.Debug|Any CPU.Build.0 = Debug|Any CPU
		{AC1BB4F8-E168-481B-80A7-F2142ACD8CB2}.Release|Any CPU.ActiveCfg = Release|Any CPU
		{AC1BB4F8-E168-481B-80A7-F2142ACD8CB2}.Release|Any CPU.Build.0 = Release|Any CPU
		{969DE3E7-51C7-425B-94B9-880A62538B8F}.Debug|Any CPU.ActiveCfg = Debug|Any CPU
		{969DE3E7-51C7-425B-94B9-880A62538B8F}.Debug|Any CPU.Build.0 = Debug|Any CPU
		{969DE3E7-51C7-425B-94B9-880A62538B8F}.Release|Any CPU.ActiveCfg = Release|Any CPU
		{969DE3E7-51C7-425B-94B9-880A62538B8F}.Release|Any CPU.Build.0 = Release|Any CPU
		{C4FDAD39-8DB4-4F47-B4E8-458D126CB28B}.Debug|Any CPU.ActiveCfg = Debug|Any CPU
		{C4FDAD39-8DB4-4F47-B4E8-458D126CB28B}.Debug|Any CPU.Build.0 = Debug|Any CPU
		{C4FDAD39-8DB4-4F47-B4E8-458D126CB28B}.Release|Any CPU.ActiveCfg = Release|Any CPU
		{C4FDAD39-8DB4-4F47-B4E8-458D126CB28B}.Release|Any CPU.Build.0 = Release|Any CPU
		{627EBB4E-4F5A-4944-99FE-969B09CBAE92}.Debug|Any CPU.ActiveCfg = Debug|Any CPU
		{627EBB4E-4F5A-4944-99FE-969B09CBAE92}.Debug|Any CPU.Build.0 = Debug|Any CPU
		{627EBB4E-4F5A-4944-99FE-969B09CBAE92}.Release|Any CPU.ActiveCfg = Release|Any CPU
		{627EBB4E-4F5A-4944-99FE-969B09CBAE92}.Release|Any CPU.Build.0 = Release|Any CPU
		{06C6C0E9-47D0-49AB-9337-61D5CC7D963E}.Debug|Any CPU.ActiveCfg = Debug|Any CPU
		{06C6C0E9-47D0-49AB-9337-61D5CC7D963E}.Debug|Any CPU.Build.0 = Debug|Any CPU
		{06C6C0E9-47D0-49AB-9337-61D5CC7D963E}.Release|Any CPU.ActiveCfg = Release|Any CPU
		{06C6C0E9-47D0-49AB-9337-61D5CC7D963E}.Release|Any CPU.Build.0 = Release|Any CPU
		{E673EF1A-93A2-4865-B58C-41B0C88C596E}.Debug|Any CPU.ActiveCfg = Debug|Any CPU
		{E673EF1A-93A2-4865-B58C-41B0C88C596E}.Debug|Any CPU.Build.0 = Debug|Any CPU
		{E673EF1A-93A2-4865-B58C-41B0C88C596E}.Release|Any CPU.ActiveCfg = Release|Any CPU
		{E673EF1A-93A2-4865-B58C-41B0C88C596E}.Release|Any CPU.Build.0 = Release|Any CPU
		{F952476D-33BA-438E-B1A0-D5DCA21A3207}.Debug|Any CPU.ActiveCfg = Debug|Any CPU
		{F952476D-33BA-438E-B1A0-D5DCA21A3207}.Debug|Any CPU.Build.0 = Debug|Any CPU
		{F952476D-33BA-438E-B1A0-D5DCA21A3207}.Release|Any CPU.ActiveCfg = Release|Any CPU
		{F952476D-33BA-438E-B1A0-D5DCA21A3207}.Release|Any CPU.Build.0 = Release|Any CPU
		{C4BC9112-73C4-47C0-8157-8F7B790A6C08}.Debug|Any CPU.ActiveCfg = Debug|Any CPU
		{C4BC9112-73C4-47C0-8157-8F7B790A6C08}.Debug|Any CPU.Build.0 = Debug|Any CPU
		{C4BC9112-73C4-47C0-8157-8F7B790A6C08}.Release|Any CPU.ActiveCfg = Release|Any CPU
		{C4BC9112-73C4-47C0-8157-8F7B790A6C08}.Release|Any CPU.Build.0 = Release|Any CPU
		{2614248C-60E2-4A4B-8747-A4F3F451BBC7}.Debug|Any CPU.ActiveCfg = Debug|Any CPU
		{2614248C-60E2-4A4B-8747-A4F3F451BBC7}.Debug|Any CPU.Build.0 = Debug|Any CPU
		{2614248C-60E2-4A4B-8747-A4F3F451BBC7}.Release|Any CPU.ActiveCfg = Release|Any CPU
		{2614248C-60E2-4A4B-8747-A4F3F451BBC7}.Release|Any CPU.Build.0 = Release|Any CPU
		{866E1DF6-70A0-4858-8579-91639D0841CE}.Debug|Any CPU.ActiveCfg = Debug|Any CPU
		{866E1DF6-70A0-4858-8579-91639D0841CE}.Debug|Any CPU.Build.0 = Debug|Any CPU
		{866E1DF6-70A0-4858-8579-91639D0841CE}.Release|Any CPU.ActiveCfg = Release|Any CPU
		{866E1DF6-70A0-4858-8579-91639D0841CE}.Release|Any CPU.Build.0 = Release|Any CPU
		{B93CD41B-CBD2-41CB-BFAF-6D168622CE6B}.Debug|Any CPU.ActiveCfg = Debug|Any CPU
		{B93CD41B-CBD2-41CB-BFAF-6D168622CE6B}.Debug|Any CPU.Build.0 = Debug|Any CPU
		{B93CD41B-CBD2-41CB-BFAF-6D168622CE6B}.Release|Any CPU.ActiveCfg = Release|Any CPU
		{B93CD41B-CBD2-41CB-BFAF-6D168622CE6B}.Release|Any CPU.Build.0 = Release|Any CPU
		{DAF5B94D-70F8-4041-AE61-CC60F9471B78}.Debug|Any CPU.ActiveCfg = Debug|Any CPU
		{DAF5B94D-70F8-4041-AE61-CC60F9471B78}.Debug|Any CPU.Build.0 = Debug|Any CPU
		{DAF5B94D-70F8-4041-AE61-CC60F9471B78}.Release|Any CPU.ActiveCfg = Release|Any CPU
		{DAF5B94D-70F8-4041-AE61-CC60F9471B78}.Release|Any CPU.Build.0 = Release|Any CPU
		{176F0E32-D2F4-478D-BF29-68968CD810B0}.Debug|Any CPU.ActiveCfg = Debug|Any CPU
		{176F0E32-D2F4-478D-BF29-68968CD810B0}.Debug|Any CPU.Build.0 = Debug|Any CPU
		{176F0E32-D2F4-478D-BF29-68968CD810B0}.Release|Any CPU.ActiveCfg = Release|Any CPU
		{176F0E32-D2F4-478D-BF29-68968CD810B0}.Release|Any CPU.Build.0 = Release|Any CPU
		{C826FE1E-8C56-40BD-B967-6C8E8C6E7CDF}.Debug|Any CPU.ActiveCfg = Debug|Any CPU
		{C826FE1E-8C56-40BD-B967-6C8E8C6E7CDF}.Debug|Any CPU.Build.0 = Debug|Any CPU
		{C826FE1E-8C56-40BD-B967-6C8E8C6E7CDF}.Release|Any CPU.ActiveCfg = Release|Any CPU
		{C826FE1E-8C56-40BD-B967-6C8E8C6E7CDF}.Release|Any CPU.Build.0 = Release|Any CPU
		{A0A8C2A9-6B9C-4960-938B-F4C43ADE6385}.Debug|Any CPU.ActiveCfg = Debug|Any CPU
		{A0A8C2A9-6B9C-4960-938B-F4C43ADE6385}.Debug|Any CPU.Build.0 = Debug|Any CPU
		{A0A8C2A9-6B9C-4960-938B-F4C43ADE6385}.Release|Any CPU.ActiveCfg = Release|Any CPU
		{A0A8C2A9-6B9C-4960-938B-F4C43ADE6385}.Release|Any CPU.Build.0 = Release|Any CPU
		{9E2550A2-A855-4A40-ACC1-817C45BEB078}.Debug|Any CPU.ActiveCfg = Debug|Any CPU
		{9E2550A2-A855-4A40-ACC1-817C45BEB078}.Debug|Any CPU.Build.0 = Debug|Any CPU
		{9E2550A2-A855-4A40-ACC1-817C45BEB078}.Release|Any CPU.ActiveCfg = Release|Any CPU
		{9E2550A2-A855-4A40-ACC1-817C45BEB078}.Release|Any CPU.Build.0 = Release|Any CPU
		{6C5E6969-2CC6-4C86-954B-382F5B9F5D68}.Debug|Any CPU.ActiveCfg = Debug|Any CPU
		{6C5E6969-2CC6-4C86-954B-382F5B9F5D68}.Debug|Any CPU.Build.0 = Debug|Any CPU
		{6C5E6969-2CC6-4C86-954B-382F5B9F5D68}.Release|Any CPU.ActiveCfg = Release|Any CPU
		{6C5E6969-2CC6-4C86-954B-382F5B9F5D68}.Release|Any CPU.Build.0 = Release|Any CPU
		{D009022B-73F6-4B6E-9E77-406408B632BF}.Debug|Any CPU.ActiveCfg = Debug|Any CPU
		{D009022B-73F6-4B6E-9E77-406408B632BF}.Debug|Any CPU.Build.0 = Debug|Any CPU
		{D009022B-73F6-4B6E-9E77-406408B632BF}.Release|Any CPU.ActiveCfg = Release|Any CPU
		{D009022B-73F6-4B6E-9E77-406408B632BF}.Release|Any CPU.Build.0 = Release|Any CPU
		{8738933B-0EA0-46A0-946A-1DCA72D9C450}.Debug|Any CPU.ActiveCfg = Debug|Any CPU
		{8738933B-0EA0-46A0-946A-1DCA72D9C450}.Debug|Any CPU.Build.0 = Debug|Any CPU
		{8738933B-0EA0-46A0-946A-1DCA72D9C450}.Release|Any CPU.ActiveCfg = Release|Any CPU
		{8738933B-0EA0-46A0-946A-1DCA72D9C450}.Release|Any CPU.Build.0 = Release|Any CPU
	EndGlobalSection
	GlobalSection(SolutionProperties) = preSolution
		HideSolutionNode = FALSE
	EndGlobalSection
	GlobalSection(ExtensibilityGlobals) = postSolution
		SolutionGuid = {4190FC98-696C-46C8-A5D2-6F03ED3509C5}
	EndGlobalSection
EndGlobal
