
Microsoft Visual Studio Solution File, Format Version 12.00
# Visual Studio Version 17
VisualStudioVersion = 17.9.34622.214
MinimumVisualStudioVersion = 10.0.40219.1
Project("{FAE04EC0-301F-11D3-BF4B-00C04F79EFBC}") = "ConsoleApp1", "ConsoleApp1\ConsoleApp1.csproj", "{11B939F4-4D81-46B8-863C-7395CF6F621D}"
EndProject
Global
	GlobalSection(SolutionConfigurationPlatforms) = preSolution
		Debug|Any CPU = Debug|Any CPU
		Release|Any CPU = Release|Any CPU
	EndGlobalSection
	GlobalSection(ProjectConfigurationPlatforms) = postSolution
		{11B939F4-4D81-46B8-863C-7395CF6F621D}.Debug|Any CPU.ActiveCfg = Debug|Any CPU
		{11B939F4-4D81-46B8-863C-7395CF6F621D}.Debug|Any CPU.Build.0 = Debug|Any CPU
		{11B939F4-4D81-46B8-863C-7395CF6F621D}.Release|Any CPU.ActiveCfg = Release|Any CPU
		{11B939F4-4D81-46B8-863C-7395CF6F621D}.Release|Any CPU.Build.0 = Release|Any CPU
	EndGlobalSection
	GlobalSection(SolutionProperties) = preSolution
		HideSolutionNode = FALSE
	EndGlobalSection
	GlobalSection(ExtensibilityGlobals) = postSolution
		SolutionGuid = {CA874A65-2071-40CB-B83B-B42732B657B4}
	EndGlobalSection
EndGlobal
